
Microsoft Visual Studio Solution File, Format Version 12.00
# Visual Studio Version 16
VisualStudioVersion = 16.0.29519.181
MinimumVisualStudioVersion = 10.0.40219.1
Project("{FAE04EC0-301F-11D3-BF4B-00C04F79EFBC}") = "EFGetStarted", "EFGetStarted\EFGetStarted.csproj", "{4DBAEBEB-5F35-4EE7-8412-B84659A4A89A}"
EndProject
Global
	GlobalSection(SolutionConfigurationPlatforms) = preSolution
		Debug|Any CPU = Debug|Any CPU
		Release|Any CPU = Release|Any CPU
	EndGlobalSection
	GlobalSection(ProjectConfigurationPlatforms) = postSolution
		{4DBAEBEB-5F35-4EE7-8412-B84659A4A89A}.Debug|Any CPU.ActiveCfg = Debug|Any CPU
		{4DBAEBEB-5F35-4EE7-8412-B84659A4A89A}.Debug|Any CPU.Build.0 = Debug|Any CPU
		{4DBAEBEB-5F35-4EE7-8412-B84659A4A89A}.Release|Any CPU.ActiveCfg = Release|Any CPU
		{4DBAEBEB-5F35-4EE7-8412-B84659A4A89A}.Release|Any CPU.Build.0 = Release|Any CPU
	EndGlobalSection
	GlobalSection(SolutionProperties) = preSolution
		HideSolutionNode = FALSE
	EndGlobalSection
	GlobalSection(ExtensibilityGlobals) = postSolution
		SolutionGuid = {711CBA12-1B71-430F-9D51-6066F3D26622}
	EndGlobalSection
EndGlobal
